
Microsoft Visual Studio Solution File, Format Version 12.00
# Visual Studio Version 17
VisualStudioVersion = 17.10.34928.147
MinimumVisualStudioVersion = 10.0.40219.1
Project("{9A19103F-16F7-4668-BE54-9A1E7A4F7556}") = "CloudX.Azure.Core.Web", "CloudX.Azure.Core.Web\CloudX.Azure.Core.Web.csproj", "{B9FEC159-B590-4051-B0F4-EBA052A0A5D4}"
EndProject
Project("{9A19103F-16F7-4668-BE54-9A1E7A4F7556}") = "CloudX.Azure.Core", "CloudX.Azure.Core\CloudX.Azure.Core.csproj", "{044C73FA-4F73-41EA-BDE6-C4ACA0707654}"
EndProject
Project("{9A19103F-16F7-4668-BE54-9A1E7A4F7556}") = "Cloud.Azure.AwesomePizzaSite.Web", "Cloud.Azure.AwesomePizzaSite.Web\Cloud.Azure.AwesomePizzaSite.Web.csproj", "{91F64FCC-75D4-472A-B4F1-AF7F225D7625}"
EndProject
Project("{9A19103F-16F7-4668-BE54-9A1E7A4F7556}") = "Cloud.Azure.AwesomePizzaSite.Data", "Cloud.Azure.AwesomePizzaSite.Data\Cloud.Azure.AwesomePizzaSite.Data.csproj", "{CAB994CF-D56C-4288-B7D2-E5A07E2F7D3A}"
EndProject
Project("{9A19103F-16F7-4668-BE54-9A1E7A4F7556}") = "Cloud.Azure.AwesomePizzaSite.Web.Tests", "Cloud.Azure.AwesomePizzaSite.Web.Tests\Cloud.Azure.AwesomePizzaSite.Web.Tests.csproj", "{816258CA-02E7-4E88-9B5C-3DA36CCCFE27}"
EndProject
Project("{9A19103F-16F7-4668-BE54-9A1E7A4F7556}") = "Cloud.Azure.AwesomePizzaSite.Infrastructure.Tests", "Cloud.Azure.AwesomePizzaSite.Infrastructure.Tests\Cloud.Azure.AwesomePizzaSite.Infrastructure.Tests.csproj", "{5450C76C-E2BB-48E0-8366-DD9A0D2845EF}"
EndProject
Project("{FAE04EC0-301F-11D3-BF4B-00C04F79EFBC}") = "Cloud.Azure.AwesomePizzaSite.Api", "Cloud.Azure.AwesomePizzaSite.Api\Cloud.Azure.AwesomePizzaSite.Api.csproj", "{F9F45EC2-8792-42B3-B79D-2594F2E74E86}"
EndProject
Project("{FAE04EC0-301F-11D3-BF4B-00C04F79EFBC}") = "Cloud.Azure.AwesomePizzaSite.Api.Tests", "Cloud.Azure.AwesomePizzaSite.Api.Tests\Cloud.Azure.AwesomePizzaSite.Api.Tests.csproj", "{23DB8E9D-4039-44C3-BDC6-E18E2257BE43}"
EndProject
Global
	GlobalSection(SolutionConfigurationPlatforms) = preSolution
		Debug|Any CPU = Debug|Any CPU
		Release|Any CPU = Release|Any CPU
	EndGlobalSection
	GlobalSection(ProjectConfigurationPlatforms) = postSolution
		{B9FEC159-B590-4051-B0F4-EBA052A0A5D4}.Debug|Any CPU.ActiveCfg = Debug|Any CPU
		{B9FEC159-B590-4051-B0F4-EBA052A0A5D4}.Debug|Any CPU.Build.0 = Debug|Any CPU
		{B9FEC159-B590-4051-B0F4-EBA052A0A5D4}.Release|Any CPU.ActiveCfg = Release|Any CPU
		{B9FEC159-B590-4051-B0F4-EBA052A0A5D4}.Release|Any CPU.Build.0 = Release|Any CPU
		{044C73FA-4F73-41EA-BDE6-C4ACA0707654}.Debug|Any CPU.ActiveCfg = Debug|Any CPU
		{044C73FA-4F73-41EA-BDE6-C4ACA0707654}.Debug|Any CPU.Build.0 = Debug|Any CPU
		{044C73FA-4F73-41EA-BDE6-C4ACA0707654}.Release|Any CPU.ActiveCfg = Release|Any CPU
		{044C73FA-4F73-41EA-BDE6-C4ACA0707654}.Release|Any CPU.Build.0 = Release|Any CPU
		{91F64FCC-75D4-472A-B4F1-AF7F225D7625}.Debug|Any CPU.ActiveCfg = Debug|Any CPU
		{91F64FCC-75D4-472A-B4F1-AF7F225D7625}.Debug|Any CPU.Build.0 = Debug|Any CPU
		{91F64FCC-75D4-472A-B4F1-AF7F225D7625}.Release|Any CPU.ActiveCfg = Release|Any CPU
		{91F64FCC-75D4-472A-B4F1-AF7F225D7625}.Release|Any CPU.Build.0 = Release|Any CPU
		{CAB994CF-D56C-4288-B7D2-E5A07E2F7D3A}.Debug|Any CPU.ActiveCfg = Debug|Any CPU
		{CAB994CF-D56C-4288-B7D2-E5A07E2F7D3A}.Debug|Any CPU.Build.0 = Debug|Any CPU
		{CAB994CF-D56C-4288-B7D2-E5A07E2F7D3A}.Release|Any CPU.ActiveCfg = Release|Any CPU
		{CAB994CF-D56C-4288-B7D2-E5A07E2F7D3A}.Release|Any CPU.Build.0 = Release|Any CPU
		{816258CA-02E7-4E88-9B5C-3DA36CCCFE27}.Debug|Any CPU.ActiveCfg = Debug|Any CPU
		{816258CA-02E7-4E88-9B5C-3DA36CCCFE27}.Debug|Any CPU.Build.0 = Debug|Any CPU
		{816258CA-02E7-4E88-9B5C-3DA36CCCFE27}.Release|Any CPU.ActiveCfg = Release|Any CPU
		{816258CA-02E7-4E88-9B5C-3DA36CCCFE27}.Release|Any CPU.Build.0 = Release|Any CPU
		{5450C76C-E2BB-48E0-8366-DD9A0D2845EF}.Debug|Any CPU.ActiveCfg = Debug|Any CPU
		{5450C76C-E2BB-48E0-8366-DD9A0D2845EF}.Debug|Any CPU.Build.0 = Debug|Any CPU
		{5450C76C-E2BB-48E0-8366-DD9A0D2845EF}.Release|Any CPU.ActiveCfg = Release|Any CPU
		{5450C76C-E2BB-48E0-8366-DD9A0D2845EF}.Release|Any CPU.Build.0 = Release|Any CPU
		{F9F45EC2-8792-42B3-B79D-2594F2E74E86}.Debug|Any CPU.ActiveCfg = Debug|Any CPU
		{F9F45EC2-8792-42B3-B79D-2594F2E74E86}.Debug|Any CPU.Build.0 = Debug|Any CPU
		{F9F45EC2-8792-42B3-B79D-2594F2E74E86}.Release|Any CPU.ActiveCfg = Release|Any CPU
		{F9F45EC2-8792-42B3-B79D-2594F2E74E86}.Release|Any CPU.Build.0 = Release|Any CPU
		{23DB8E9D-4039-44C3-BDC6-E18E2257BE43}.Debug|Any CPU.ActiveCfg = Debug|Any CPU
		{23DB8E9D-4039-44C3-BDC6-E18E2257BE43}.Debug|Any CPU.Build.0 = Debug|Any CPU
		{23DB8E9D-4039-44C3-BDC6-E18E2257BE43}.Release|Any CPU.ActiveCfg = Release|Any CPU
		{23DB8E9D-4039-44C3-BDC6-E18E2257BE43}.Release|Any CPU.Build.0 = Release|Any CPU
	EndGlobalSection
	GlobalSection(SolutionProperties) = preSolution
		HideSolutionNode = FALSE
	EndGlobalSection
	GlobalSection(ExtensibilityGlobals) = postSolution
		SolutionGuid = {C93B6BB3-9486-4DF3-B16D-9183C680E56C}
	EndGlobalSection
EndGlobal
